
Microsoft Visual Studio Solution File, Format Version 12.00
# Visual Studio 15
VisualStudioVersion = 15.0.27703.2018
MinimumVisualStudioVersion = 10.0.40219.1
Project("{FAE04EC0-301F-11D3-BF4B-00C04F79EFBC}") = "SeleleTravel", "SeleleTravel\SeleleTravel.csproj", "{0643B824-88BD-4496-B182-C54050A4FB14}"
EndProject
Global
	GlobalSection(SolutionConfigurationPlatforms) = preSolution
		Debug|Any CPU = Debug|Any CPU
		Release|Any CPU = Release|Any CPU
	EndGlobalSection
	GlobalSection(ProjectConfigurationPlatforms) = postSolution
		{0643B824-88BD-4496-B182-C54050A4FB14}.Debug|Any CPU.ActiveCfg = Debug|Any CPU
		{0643B824-88BD-4496-B182-C54050A4FB14}.Debug|Any CPU.Build.0 = Debug|Any CPU
		{0643B824-88BD-4496-B182-C54050A4FB14}.Release|Any CPU.ActiveCfg = Release|Any CPU
		{0643B824-88BD-4496-B182-C54050A4FB14}.Release|Any CPU.Build.0 = Release|Any CPU
	EndGlobalSection
	GlobalSection(SolutionProperties) = preSolution
		HideSolutionNode = FALSE
	EndGlobalSection
	GlobalSection(ExtensibilityGlobals) = postSolution
		SolutionGuid = {0E93D1A5-D8B9-42C3-B32E-390B2E8CD07A}
	EndGlobalSection
EndGlobal
